
Microsoft Visual Studio Solution File, Format Version 12.00
# Visual Studio Version 16
VisualStudioVersion = 16.0.29806.167
MinimumVisualStudioVersion = 10.0.40219.1
Project("{2150E333-8FDC-42A3-9474-1A3956D46DE8}") = "Solution Items", "Solution Items", "{0881CD05-474D-4DD8-AC93-468B89CEF49D}"
	ProjectSection(SolutionItems) = preProject
		index.css = index.css
		index.html = index.html
		index.js = index.js
		LICENSE.txt = LICENSE.txt
		manifest.json = manifest.json
		README.md = README.md
		README_ja.md = README_ja.md
	EndProjectSection
EndProject
Project("{2150E333-8FDC-42A3-9474-1A3956D46DE8}") = "_locales", "_locales", "{834F0A58-0214-41B1-BD5D-F8DAAEDF4807}"
EndProject
Project("{2150E333-8FDC-42A3-9474-1A3956D46DE8}") = "ja", "ja", "{68CD3C0D-686A-480A-B534-743D232FA61D}"
	ProjectSection(SolutionItems) = preProject
		_locales\ja\messages.json = _locales\ja\messages.json
	EndProjectSection
EndProject
Project("{2150E333-8FDC-42A3-9474-1A3956D46DE8}") = "en", "en", "{552EFC01-C8FE-4AE2-BEF3-E8F6902497B5}"
	ProjectSection(SolutionItems) = preProject
		_locales\en\messages.json = _locales\en\messages.json
	EndProjectSection
EndProject
Project("{2150E333-8FDC-42A3-9474-1A3956D46DE8}") = "_values", "_values", "{B5E10511-2597-421D-A7C4-E5BD1121BEBA}"
	ProjectSection(SolutionItems) = preProject
		_values\defaultValues.json = _values\defaultValues.json
		_values\storageKeys.json = _values\storageKeys.json
	EndProjectSection
EndProject
Project("{2150E333-8FDC-42A3-9474-1A3956D46DE8}") = "background", "background", "{4C7AD2BE-2302-423C-A377-EA5932BEEF3F}"
	ProjectSection(SolutionItems) = preProject
		background\background.js = background\background.js
	EndProjectSection
EndProject
Project("{2150E333-8FDC-42A3-9474-1A3956D46DE8}") = "content", "content", "{17144C28-7AB8-4041-8549-F8191006A6EE}"
	ProjectSection(SolutionItems) = preProject
		content\content.js = content\content.js
	EndProjectSection
EndProject
Project("{2150E333-8FDC-42A3-9474-1A3956D46DE8}") = "icons", "icons", "{5BB9AC54-C37B-4C66-A334-8D5E4B4F0BEA}"
	ProjectSection(SolutionItems) = preProject
		icons\icon-1080.png = icons\icon-1080.png
		icons\icon-150.png = icons\icon-150.png
		icons\icon-1536.png = icons\icon-1536.png
		icons\icon-192.png = icons\icon-192.png
		icons\icon-24.png = icons\icon-24.png
		icons\icon-300.png = icons\icon-300.png
		icons\icon-384.png = icons\icon-384.png
		icons\icon-40.png = icons\icon-40.png
		icons\icon-44.png = icons\icon-44.png
		icons\icon-48.png = icons\icon-48.png
		icons\icon-50.png = icons\icon-50.png
		icons\icon-768.png = icons\icon-768.png
		icons\icon-96.png = icons\icon-96.png
	EndProjectSection
EndProject
Project("{2150E333-8FDC-42A3-9474-1A3956D46DE8}") = "options", "options", "{5BB82723-8F43-4DE4-82BD-A46211AEAF5D}"
	ProjectSection(SolutionItems) = preProject
		options\options.css = options\options.css
		options\options.html = options\options.html
		options\options.js = options\options.js
	EndProjectSection
EndProject
Project("{2150E333-8FDC-42A3-9474-1A3956D46DE8}") = "popup", "popup", "{39837C2F-8A15-4EA1-AAC2-D82CB5680741}"
	ProjectSection(SolutionItems) = preProject
		popup\popup.css = popup\popup.css
		popup\popup.html = popup\popup.html
		popup\popup.js = popup\popup.js
	EndProjectSection
EndProject
Global
	GlobalSection(SolutionProperties) = preSolution
		HideSolutionNode = FALSE
	EndGlobalSection
	GlobalSection(NestedProjects) = preSolution
		{834F0A58-0214-41B1-BD5D-F8DAAEDF4807} = {0881CD05-474D-4DD8-AC93-468B89CEF49D}
		{68CD3C0D-686A-480A-B534-743D232FA61D} = {834F0A58-0214-41B1-BD5D-F8DAAEDF4807}
		{552EFC01-C8FE-4AE2-BEF3-E8F6902497B5} = {834F0A58-0214-41B1-BD5D-F8DAAEDF4807}
		{B5E10511-2597-421D-A7C4-E5BD1121BEBA} = {0881CD05-474D-4DD8-AC93-468B89CEF49D}
		{4C7AD2BE-2302-423C-A377-EA5932BEEF3F} = {0881CD05-474D-4DD8-AC93-468B89CEF49D}
		{17144C28-7AB8-4041-8549-F8191006A6EE} = {0881CD05-474D-4DD8-AC93-468B89CEF49D}
		{5BB9AC54-C37B-4C66-A334-8D5E4B4F0BEA} = {0881CD05-474D-4DD8-AC93-468B89CEF49D}
		{5BB82723-8F43-4DE4-82BD-A46211AEAF5D} = {0881CD05-474D-4DD8-AC93-468B89CEF49D}
		{39837C2F-8A15-4EA1-AAC2-D82CB5680741} = {0881CD05-474D-4DD8-AC93-468B89CEF49D}
	EndGlobalSection
	GlobalSection(ExtensibilityGlobals) = postSolution
		SolutionGuid = {DA9EC7F4-B472-42CD-83D9-14A51E9F289C}
	EndGlobalSection
EndGlobal
